
Microsoft Visual Studio Solution File, Format Version 12.00
# Visual Studio 2012
Project("{070BCB52-5A75-4F8C-A973-144AF0EAFCC9}") = "SAP-Purchase-Requisition", "SAP-Purchase-Requisition\SAP-Purchase-Requisition.iceproj", "{02063DB4-CFE7-4330-B437-A92E8CDBCED6}"
EndProject
Global
	GlobalSection(SolutionConfigurationPlatforms) = preSolution
		Debug|Any CPU = Debug|Any CPU
		Release|Any CPU = Release|Any CPU
	EndGlobalSection
	GlobalSection(ProjectConfigurationPlatforms) = postSolution
		{02063DB4-CFE7-4330-B437-A92E8CDBCED6}.Debug|Any CPU.ActiveCfg = Debug|Any CPU
		{02063DB4-CFE7-4330-B437-A92E8CDBCED6}.Debug|Any CPU.Build.0 = Debug|Any CPU
		{02063DB4-CFE7-4330-B437-A92E8CDBCED6}.Release|Any CPU.ActiveCfg = Release|Any CPU
		{02063DB4-CFE7-4330-B437-A92E8CDBCED6}.Release|Any CPU.Build.0 = Release|Any CPU
	EndGlobalSection
	GlobalSection(SolutionProperties) = preSolution
		HideSolutionNode = FALSE
	EndGlobalSection
EndGlobal
